
Microsoft Visual Studio Solution File, Format Version 12.00
# Visual Studio 2013
VisualStudioVersion = 12.0.21005.1
MinimumVisualStudioVersion = 10.0.40219.1
Project("{FAE04EC0-301F-11D3-BF4B-00C04F79EFBC}") = "VSD.Storage", "VSD.Storage\VSD.Storage.csproj", "{B3FBAB97-15F6-4A09-9E43-1DA44CE58969}"
EndProject
Project("{FAE04EC0-301F-11D3-BF4B-00C04F79EFBC}") = "Lotus.Base", "Lotus.Base\Lotus.Base.csproj", "{78BC7176-0210-4C37-B92C-29BED97294B7}"
EndProject
Global
	GlobalSection(SolutionConfigurationPlatforms) = preSolution
		Debug|Any CPU = Debug|Any CPU
		Release|Any CPU = Release|Any CPU
	EndGlobalSection
	GlobalSection(ProjectConfigurationPlatforms) = postSolution
		{B3FBAB97-15F6-4A09-9E43-1DA44CE58969}.Debug|Any CPU.ActiveCfg = Debug|Any CPU
		{B3FBAB97-15F6-4A09-9E43-1DA44CE58969}.Debug|Any CPU.Build.0 = Debug|Any CPU
		{B3FBAB97-15F6-4A09-9E43-1DA44CE58969}.Release|Any CPU.ActiveCfg = Release|Any CPU
		{B3FBAB97-15F6-4A09-9E43-1DA44CE58969}.Release|Any CPU.Build.0 = Release|Any CPU
		{78BC7176-0210-4C37-B92C-29BED97294B7}.Debug|Any CPU.ActiveCfg = Debug|Any CPU
		{78BC7176-0210-4C37-B92C-29BED97294B7}.Debug|Any CPU.Build.0 = Debug|Any CPU
		{78BC7176-0210-4C37-B92C-29BED97294B7}.Release|Any CPU.ActiveCfg = Release|Any CPU
		{78BC7176-0210-4C37-B92C-29BED97294B7}.Release|Any CPU.Build.0 = Release|Any CPU
	EndGlobalSection
	GlobalSection(SolutionProperties) = preSolution
		HideSolutionNode = FALSE
	EndGlobalSection
EndGlobal
